{
  "object": {
    "pins": [
      {
        "package": "libvmaf",
        "repositoryURL": "https://github.com/SDWebImage/libvmaf-Xcode.git",
        "state": {
          "branch": null,
          "revision": "26544e92506764862358ce2198ddab9af7685ed5",
          "version": "2.2.0"
        }
      }
    ]
  },
  "version": 1
}
